// !$*UTF8*$!
{
	archiveVersion = 1;
	classes = {
	};
	objectVersion = 50;
	objects = {

/* Begin PBXBuildFile section */
		1FBCCB1A24F2D80200D5EE8D /* AppDelegate.swift in Sources */ = {isa = PBXBuildFile; fileRef = 1FBCCB1924F2D80200D5EE8D /* AppDelegate.swift */; };
		1FBCCB1C24F2D80200D5EE8D /* SceneDelegate.swift in Sources */ = {isa = PBXBuildFile; fileRef = 1FBCCB1B24F2D80200D5EE8D /* SceneDelegate.swift */; };
		1FBCCB1E24F2D80200D5EE8D /* ViewController.swift in Sources */ = {isa = PBXBuildFile; fileRef = 1FBCCB1D24F2D80200D5EE8D /* ViewController.swift */; };
		1FBCCB2124F2D80200D5EE8D /* Main.storyboard in Resources */ = {isa = PBXBuildFile; fileRef = 1FBCCB1F24F2D80200D5EE8D /* Main.storyboard */; };
		1FBCCB2324F2D80300D5EE8D /* Assets.xcassets in Resources */ = {isa = PBXBuildFile; fileRef = 1FBCCB2224F2D80300D5EE8D /* Assets.xcassets */; };
		1FBCCB2624F2D80300D5EE8D /* LaunchScreen.storyboard in Resources */ = {isa = PBXBuildFile; fileRef = 1FBCCB2424F2D80300D5EE8D /* LaunchScreen.storyboard */; };
/* End PBXBuildFile section */

/* Begin PBXFileReference section */
		1FBCCB1624F2D80200D5EE8D /* RgbPicker.app */ = {isa = PBXFileReference; explicitFileType = wrapper.application; includeInIndex = 0; path = RgbPicker.app; sourceTree = BUILT_PRODUCTS_DIR; };
		1FBCCB1924F2D80200D5EE8D /* AppDelegate.swift */ = {isa = PBXFileReference; lastKnownFileType = sourcecode.swift; path = AppDelegate.swift; sourceTree = "<group>"; };
		1FBCCB1B24F2D80200D5EE8D /* SceneDelegate.swift */ = {isa = PBXFileReference; lastKnownFileType = sourcecode.swift; path = SceneDelegate.swift; sourceTree = "<group>"; };
		1FBCCB1D24F2D80200D5EE8D /* ViewController.swift */ = {isa = PBXFileReference; lastKnownFileType = sourcecode.swift; path = ViewController.swift; sourceTree = "<group>"; };
		1FBCCB2024F2D80200D5EE8D /* Base */ = {isa = PBXFileReference; lastKnownFileType = file.storyboard; name = Base; path = Base.lproj/Main.storyboard; sourceTree = "<group>"; };
		1FBCCB2224F2D80300D5EE8D /* Assets.xcassets */ = {isa = PBXFileReference; lastKnownFileType = folder.assetcatalog; path = Assets.xcassets; sourceTree = "<group>"; };
		1FBCCB2524F2D80300D5EE8D /* Base */ = {isa = PBXFileReference; lastKnownFileType = file.storyboard; name = Base; path = Base.lproj/LaunchScreen.storyboard; sourceTree = "<group>"; };
		1FBCCB2724F2D80300D5EE8D /* Info.plist */ = {isa = PBXFileReference; lastKnownFileType = text.plist.xml; path = Info.plist; sourceTree = "<group>"; };
/* End PBXFileReference section */

/* Begin PBXFrameworksBuildPhase section */
		1FBCCB1324F2D80200D5EE8D /* Frameworks */ = {
			isa = PBXFrameworksBuildPhase;
			buildActionMask = 2147483647;
			files = (
			);
			runOnlyForDeploymentPostprocessing = 0;
		};
/* End PBXFrameworksBuildPhase section */

/* Begin PBXGroup section */
		1FBCCB0D24F2D80100D5EE8D = {
			isa = PBXGroup;
			children = (
				1FBCCB1824F2D80200D5EE8D /* RgbPicker */,
				1FBCCB1724F2D80200D5EE8D /* Products */,
			);
			sourceTree = "<group>";
		};
		1FBCCB1724F2D80200D5EE8D /* Products */ = {
			isa = PBXGroup;
			children = (
				1FBCCB1624F2D80200D5EE8D /* RgbPicker.app */,
			);
			name = Products;
			sourceTree = "<group>";
		};
		1FBCCB1824F2D80200D5EE8D /* RgbPicker */ = {
			isa = PBXGroup;
			children = (
				1FBCCB1924F2D80200D5EE8D /* AppDelegate.swift */,
				1FBCCB1B24F2D80200D5EE8D /* SceneDelegate.swift */,
				1FBCCB1D24F2D80200D5EE8D /* ViewController.swift */,
				1FBCCB1F24F2D80200D5EE8D /* Main.storyboard */,
				1FBCCB2224F2D80300D5EE8D /* Assets.xcassets */,
				1FBCCB2424F2D80300D5EE8D /* LaunchScreen.storyboard */,
				1FBCCB2724F2D80300D5EE8D /* Info.plist */,
			);
			path = RgbPicker;
			sourceTree = "<group>";
		};
/* End PBXGroup section */

/* Begin PBXNativeTarget section */
		1FBCCB1524F2D80200D5EE8D /* RgbPicker */ = {
			isa = PBXNativeTarget;
			buildConfigurationList = 1FBCCB2A24F2D80300D5EE8D /* Build configuration list for PBXNativeTarget "RgbPicker" */;
			buildPhases = (
				1FBCCB1224F2D80200D5EE8D /* Sources */,
				1FBCCB1324F2D80200D5EE8D /* Frameworks */,
				1FBCCB1424F2D80200D5EE8D /* Resources */,
			);
			buildRules = (
			);
			dependencies = (
			);
			name = RgbPicker;
			productName = RgbPicker;
			productReference = 1FBCCB1624F2D80200D5EE8D /* RgbPicker.app */;
			productType = "com.apple.product-type.application";
		};
/* End PBXNativeTarget section */

/* Begin PBXProject section */
		1FBCCB0E24F2D80100D5EE8D /* Project object */ = {
			isa = PBXProject;
			attributes = {
				LastSwiftUpdateCheck = 1160;
				LastUpgradeCheck = 1160;
				ORGANIZATIONNAME = "Aleksandr Lukash";
				TargetAttributes = {
					1FBCCB1524F2D80200D5EE8D = {
						CreatedOnToolsVersion = 11.6;
					};
				};
			};
			buildConfigurationList = 1FBCCB1124F2D80100D5EE8D /* Build configuration list for PBXProject "RgbPicker" */;
			compatibilityVersion = "Xcode 9.3";
			developmentRegion = en;
			hasScannedForEncodings = 0;
			knownRegions = (
				en,
				Base,
			);
			mainGroup = 1FBCCB0D24F2D80100D5EE8D;
			productRefGroup = 1FBCCB1724F2D80200D5EE8D /* Products */;
			projectDirPath = "";
			projectRoot = "";
			targets = (
				1FBCCB1524F2D80200D5EE8D /* RgbPicker */,
			);
		};
/* End PBXProject section */

/* Begin PBXResourcesBuildPhase section */
		1FBCCB1424F2D80200D5EE8D /* Resources */ = {
			isa = PBXResourcesBuildPhase;
			buildActionMask = 2147483647;
			files = (
				1FBCCB2624F2D80300D5EE8D /* LaunchScreen.storyboard in Resources */,
				1FBCCB2324F2D80300D5EE8D /* Assets.xcassets in Resources */,
				1FBCCB2124F2D80200D5EE8D /* Main.storyboard in Resources */,
			);
			runOnlyForDeploymentPostprocessing = 0;
		};
/* End PBXResourcesBuildPhase section */

/* Begin PBXSourcesBuildPhase section */
		1FBCCB1224F2D80200D5EE8D /* Sources */ = {
			isa = PBXSourcesBuildPhase;
			buildActionMask = 2147483647;
			files = (
				1FBCCB1E24F2D80200D5EE8D /* ViewController.swift in Sources */,
				1FBCCB1A24F2D80200D5EE8D /* AppDelegate.swift in Sources */,
				1FBCCB1C24F2D80200D5EE8D /* SceneDelegate.swift in Sources */,
			);
			runOnlyForDeploymentPostprocessing = 0;
		};
/* End PBXSourcesBuildPhase section */

/* Begin PBXVariantGroup section */
		1FBCCB1F24F2D80200D5EE8D /* Main.storyboard */ = {
			isa = PBXVariantGroup;
			children = (
				1FBCCB2024F2D80200D5EE8D /* Base */,
			);
			name = Main.storyboard;
			sourceTree = "<group>";
		};
		1FBCCB2424F2D80300D5EE8D /* LaunchScreen.storyboard */ = {
			isa = PBXVariantGroup;
			children = (
				1FBCCB2524F2D80300D5EE8D /* Base */,
			);
			name = LaunchScreen.storyboard;
			sourceTree = "<group>";
		};
/* End PBXVariantGroup section */

/* Begin XCBuildConfiguration section */
		1FBCCB2824F2D80300D5EE8D /* Debug */ = {
			isa = XCBuildConfiguration;
			buildSettings = {
				ALWAYS_SEARCH_USER_PATHS = NO;
				CLANG_ANALYZER_NONNULL = YES;
				CLANG_ANALYZER_NUMBER_OBJECT_CONVERSION = YES_AGGRESSIVE;
				CLANG_CXX_LANGUAGE_STANDARD = "gnu++14";
				CLANG_CXX_LIBRARY = "libc++";
				CLANG_ENABLE_MODULES = YES;
				CLANG_ENABLE_OBJC_ARC = YES;
				CLANG_ENABLE_OBJC_WEAK = YES;
				CLANG_WARN_BLOCK_CAPTURE_AUTORELEASING = YES;
				CLANG_WARN_BOOL_CONVERSION = YES;
				CLANG_WARN_COMMA = YES;
				CLANG_WARN_CONSTANT_CONVERSION = YES;
				CLANG_WARN_DEPRECATED_OBJC_IMPLEMENTATIONS = YES;
				CLANG_WARN_DIRECT_OBJC_ISA_USAGE = YES_ERROR;
				CLANG_WARN_DOCUMENTATION_COMMENTS = YES;
				CLANG_WARN_EMPTY_BODY = YES;
				CLANG_WARN_ENUM_CONVERSION = YES;
				CLANG_WARN_INFINITE_RECURSION = YES;
				CLANG_WARN_INT_CONVERSION = YES;
				CLANG_WARN_NON_LITERAL_NULL_CONVERSION = YES;
				CLANG_WARN_OBJC_IMPLICIT_RETAIN_SELF = YES;
				CLANG_WARN_OBJC_LITERAL_CONVERSION = YES;
				CLANG_WARN_OBJC_ROOT_CLASS = YES_ERROR;
				CLANG_WARN_RANGE_LOOP_ANALYSIS = YES;
				CLANG_WARN_STRICT_PROTOTYPES = YES;
				CLANG_WARN_SUSPICIOUS_MOVE = YES;
				CLANG_WARN_UNGUARDED_AVAILABILITY = YES_AGGRESSIVE;
				CLANG_WARN_UNREACHABLE_CODE = YES;
				CLANG_WARN__DUPLICATE_METHOD_MATCH = YES;
				COPY_PHASE_STRIP = NO;
				DEBUG_INFORMATION_FORMAT = dwarf;
				ENABLE_STRICT_OBJC_MSGSEND = YES;
				ENABLE_TESTABILITY = YES;
				GCC_C_LANGUAGE_STANDARD = gnu11;
				GCC_DYNAMIC_NO_PIC = NO;
				GCC_NO_COMMON_BLOCKS = YES;
				GCC_OPTIMIZATION_LEVEL = 0;
				GCC_PREPROCESSOR_DEFINITIONS = (
					"DEBUG=1",
					"$(inherited)",
				);
				GCC_WARN_64_TO_32_BIT_CONVERSION = YES;
				GCC_WARN_ABOUT_RETURN_TYPE = YES_ERROR;
				GCC_WARN_UNDECLARED_SELECTOR = YES;
				GCC_WARN_UNINITIALIZED_AUTOS = YES_AGGRESSIVE;
				GCC_WARN_UNUSED_FUNCTION = YES;
				GCC_WARN_UNUSED_VARIABLE = YES;
				IPHONEOS_DEPLOYMENT_TARGET = 13.6;
				MTL_ENABLE_DEBUG_INFO = INCLUDE_SOURCE;
				MTL_FAST_MATH = YES;
				ONLY_ACTIVE_ARCH = YES;
				SDKROOT = iphoneos;
				SWIFT_ACTIVE_COMPILATION_CONDITIONS = DEBUG;
				SWIFT_OPTIMIZATION_LEVEL = "-Onone";
			};
			name = Debug;
		};
		1FBCCB2924F2D80300D5EE8D /* Release */ = {
			isa = XCBuildConfiguration;
			buildSettings = {
				ALWAYS_SEARCH_USER_PATHS = NO;
				CLANG_ANALYZER_NONNULL = YES;
				CLANG_ANALYZER_NUMBER_OBJECT_CONVERSION = YES_AGGRESSIVE;
				CLANG_CXX_LANGUAGE_STANDARD = "gnu++14";
				CLANG_CXX_LIBRARY = "libc++";
				CLANG_ENABLE_MODULES = YES;
				CLANG_ENABLE_OBJC_ARC = YES;
				CLANG_ENABLE_OBJC_WEAK = YES;
				CLANG_WARN_BLOCK_CAPTURE_AUTORELEASING = YES;
				CLANG_WARN_BOOL_CONVERSION = YES;
				CLANG_WARN_COMMA = YES;
				CLANG_WARN_CONSTANT_CONVERSION = YES;
				CLANG_WARN_DEPRECATED_OBJC_IMPLEMENTATIONS = YES;
				CLANG_WARN_DIRECT_OBJC_ISA_USAGE = YES_ERROR;
				CLANG_WARN_DOCUMENTATION_COMMENTS = YES;
				CLANG_WARN_EMPTY_BODY = YES;
				CLANG_WARN_ENUM_CONVERSION = YES;
				CLANG_WARN_INFINITE_RECURSION = YES;
				CLANG_WARN_INT_CONVERSION = YES;
				CLANG_WARN_NON_LITERAL_NULL_CONVERSION = YES;
				CLANG_WARN_OBJC_IMPLICIT_RETAIN_SELF = YES;
				CLANG_WARN_OBJC_LITERAL_CONVERSION = YES;
				CLANG_WARN_OBJC_ROOT_CLASS = YES_ERROR;
				CLANG_WARN_RANGE_LOOP_ANALYSIS = YES;
				CLANG_WARN_STRICT_PROTOTYPES = YES;
				CLANG_WARN_SUSPICIOUS_MOVE = YES;
				CLANG_WARN_UNGUARDED_AVAILABILITY = YES_AGGRESSIVE;
				CLANG_WARN_UNREACHABLE_CODE = YES;
				CLANG_WARN__DUPLICATE_METHOD_MATCH = YES;
				COPY_PHASE_STRIP = NO;
				DEBUG_INFORMATION_FORMAT = "dwarf-with-dsym";
				ENABLE_NS_ASSERTIONS = NO;
				ENABLE_STRICT_OBJC_MSGSEND = YES;
				GCC_C_LANGUAGE_STANDARD = gnu11;
				GCC_NO_COMMON_BLOCKS = YES;
				GCC_WARN_64_TO_32_BIT_CONVERSION = YES;
				GCC_WARN_ABOUT_RETURN_TYPE = YES_ERROR;
				GCC_WARN_UNDECLARED_SELECTOR = YES;
				GCC_WARN_UNINITIALIZED_AUTOS = YES_AGGRESSIVE;
				GCC_WARN_UNUSED_FUNCTION = YES;
				GCC_WARN_UNUSED_VARIABLE = YES;
				IPHONEOS_DEPLOYMENT_TARGET = 13.6;
				MTL_ENABLE_DEBUG_INFO = NO;
				MTL_FAST_MATH = YES;
				SDKROOT = iphoneos;
				SWIFT_COMPILATION_MODE = wholemodule;
				SWIFT_OPTIMIZATION_LEVEL = "-O";
				VALIDATE_PRODUCT = YES;
			};
			name = Release;
		};
		1FBCCB2B24F2D80300D5EE8D /* Debug */ = {
			isa = XCBuildConfiguration;
			buildSettings = {
				ASSETCATALOG_COMPILER_APPICON_NAME = AppIcon;
				CODE_SIGN_STYLE = Automatic;
				DEVELOPMENT_TEAM = LX6Y4EQU3T;
				INFOPLIST_FILE = RgbPicker/Info.plist;
				LD_RUNPATH_SEARCH_PATHS = (
					"$(inherited)",
					"@executable_path/Frameworks",
				);
				PRODUCT_BUNDLE_IDENTIFIER = com.lukash.personal.RgbPicker;
				PRODUCT_NAME = "$(TARGET_NAME)";
				SWIFT_VERSION = 5.0;
				TARGETED_DEVICE_FAMILY = "1,2";
			};
			name = Debug;
		};
		1FBCCB2C24F2D80300D5EE8D /* Release */ = {
			isa = XCBuildConfiguration;
			buildSettings = {
				ASSETCATALOG_COMPILER_APPICON_NAME = AppIcon;
				CODE_SIGN_STYLE = Automatic;
				DEVELOPMENT_TEAM = LX6Y4EQU3T;
				INFOPLIST_FILE = RgbPicker/Info.plist;
				LD_RUNPATH_SEARCH_PATHS = (
					"$(inherited)",
					"@executable_path/Frameworks",
				);
				PRODUCT_BUNDLE_IDENTIFIER = com.lukash.personal.RgbPicker;
				PRODUCT_NAME = "$(TARGET_NAME)";
				SWIFT_VERSION = 5.0;
				TARGETED_DEVICE_FAMILY = "1,2";
			};
			name = Release;
		};
/* End XCBuildConfiguration section */

/* Begin XCConfigurationList section */
		1FBCCB1124F2D80100D5EE8D /* Build configuration list for PBXProject "RgbPicker" */ = {
			isa = XCConfigurationList;
			buildConfigurations = (
				1FBCCB2824F2D80300D5EE8D /* Debug */,
				1FBCCB2924F2D80300D5EE8D /* Release */,
			);
			defaultConfigurationIsVisible = 0;
			defaultConfigurationName = Release;
		};
		1FBCCB2A24F2D80300D5EE8D /* Build configuration list for PBXNativeTarget "RgbPicker" */ = {
			isa = XCConfigurationList;
			buildConfigurations = (
				1FBCCB2B24F2D80300D5EE8D /* Debug */,
				1FBCCB2C24F2D80300D5EE8D /* Release */,
			);
			defaultConfigurationIsVisible = 0;
			defaultConfigurationName = Release;
		};
/* End XCConfigurationList section */
	};
	rootObject = 1FBCCB0E24F2D80100D5EE8D /* Project object */;
}
